// !$*UTF8*$!
{
	archiveVersion = 1;
	classes = {
	};
	objectVersion = 46;
	objects = {

/* Begin PBXBuildFile section */
		39235DC1883647BD857523D6 /* libPods.a in Frameworks */ = {isa = PBXBuildFile; fileRef = B54938FEC7E9446ABA70AFA9 /* libPods.a */; };
		4B291F431719CEC500226D8C /* Foundation.framework in Frameworks */ = {isa = PBXBuildFile; fileRef = 4B291F421719CEC500226D8C /* Foundation.framework */; };
		4B291F481719CEC500226D8C /* HAEntity.h in CopyFiles */ = {isa = PBXBuildFile; fileRef = 4B291F471719CEC500226D8C /* HAEntity.h */; };
		4B291F4A1719CEC500226D8C /* HAEntity.m in Sources */ = {isa = PBXBuildFile; fileRef = 4B291F491719CEC500226D8C /* HAEntity.m */; };
		4B291F521719CEC500226D8C /* SenTestingKit.framework in Frameworks */ = {isa = PBXBuildFile; fileRef = 4B291F511719CEC500226D8C /* SenTestingKit.framework */; };
		4B291F541719CEC500226D8C /* UIKit.framework in Frameworks */ = {isa = PBXBuildFile; fileRef = 4B291F531719CEC500226D8C /* UIKit.framework */; };
		4B291F551719CEC500226D8C /* Foundation.framework in Frameworks */ = {isa = PBXBuildFile; fileRef = 4B291F421719CEC500226D8C /* Foundation.framework */; };
		4B291F581719CEC500226D8C /* libHAEntity.a in Frameworks */ = {isa = PBXBuildFile; fileRef = 4B291F3F1719CEC500226D8C /* libHAEntity.a */; };
		4B291F5E1719CEC500226D8C /* InfoPlist.strings in Resources */ = {isa = PBXBuildFile; fileRef = 4B291F5C1719CEC500226D8C /* InfoPlist.strings */; };
		4B291F611719CEC500226D8C /* HAEntityTests.m in Sources */ = {isa = PBXBuildFile; fileRef = 4B291F601719CEC500226D8C /* HAEntityTests.m */; };
		4BB63D511719D24300CF0A0C /* HAEntityManager.m in Sources */ = {isa = PBXBuildFile; fileRef = 4BB63D501719D24300CF0A0C /* HAEntityManager.m */; };
		4BB63D541719D28600CF0A0C /* HAEntityManagerTest.m in Sources */ = {isa = PBXBuildFile; fileRef = 4BB63D531719D28600CF0A0C /* HAEntityManagerTest.m */; };
		4BBC68F81719D93A008D1775 /* libPods.a in Frameworks */ = {isa = PBXBuildFile; fileRef = 4BBC68F71719D93A008D1775 /* libPods.a */; };
		4BBC68FA1719D9C5008D1775 /* libsqlite3.dylib in Frameworks */ = {isa = PBXBuildFile; fileRef = 4BBC68F91719D9C5008D1775 /* libsqlite3.dylib */; };
		4BBC68FB1719D9CE008D1775 /* libsqlite3.dylib in Frameworks */ = {isa = PBXBuildFile; fileRef = 4BBC68F91719D9C5008D1775 /* libsqlite3.dylib */; };
		4BBC68FE1719ECE7008D1775 /* HABaseEntity.m in Sources */ = {isa = PBXBuildFile; fileRef = 4BBC68FD1719ECE7008D1775 /* HABaseEntity.m */; };
		4BBC69011719FBBF008D1775 /* HABaseEntityTest.m in Sources */ = {isa = PBXBuildFile; fileRef = 4BBC69001719FBBF008D1775 /* HABaseEntityTest.m */; };
		4BBC69041719FDB1008D1775 /* HATableEntity.m in Sources */ = {isa = PBXBuildFile; fileRef = 4BBC69031719FDB1008D1775 /* HATableEntity.m */; };
		4BBC69071719FDC4008D1775 /* HAViewEntity.m in Sources */ = {isa = PBXBuildFile; fileRef = 4BBC69061719FDC4008D1775 /* HAViewEntity.m */; };
		4BBC690B171A203D008D1775 /* HATableEntityMigration.m in Sources */ = {isa = PBXBuildFile; fileRef = 4BBC690A171A203D008D1775 /* HATableEntityMigration.m */; };
		4BBC690E171A425B008D1775 /* HATableEntityMigrationTest.m in Sources */ = {isa = PBXBuildFile; fileRef = 4BBC690D171A425B008D1775 /* HATableEntityMigrationTest.m */; };
		4BBC6911171D063A008D1775 /* HATableEntityTest.m in Sources */ = {isa = PBXBuildFile; fileRef = 4BBC6910171D063A008D1775 /* HATableEntityTest.m */; };
/* End PBXBuildFile section */

/* Begin PBXContainerItemProxy section */
		4B291F561719CEC500226D8C /* PBXContainerItemProxy */ = {
			isa = PBXContainerItemProxy;
			containerPortal = 4B291F371719CEC500226D8C /* Project object */;
			proxyType = 1;
			remoteGlobalIDString = 4B291F3E1719CEC500226D8C;
			remoteInfo = HAEntity;
		};
/* End PBXContainerItemProxy section */

/* Begin PBXCopyFilesBuildPhase section */
		4B291F3D1719CEC500226D8C /* CopyFiles */ = {
			isa = PBXCopyFilesBuildPhase;
			buildActionMask = 2147483647;
			dstPath = "include/${PRODUCT_NAME}";
			dstSubfolderSpec = 16;
			files = (
				4B291F481719CEC500226D8C /* HAEntity.h in CopyFiles */,
			);
			runOnlyForDeploymentPostprocessing = 0;
		};
/* End PBXCopyFilesBuildPhase section */

/* Begin PBXFileReference section */
		4B291F3F1719CEC500226D8C /* libHAEntity.a */ = {isa = PBXFileReference; explicitFileType = archive.ar; includeInIndex = 0; path = libHAEntity.a; sourceTree = BUILT_PRODUCTS_DIR; };
		4B291F421719CEC500226D8C /* Foundation.framework */ = {isa = PBXFileReference; lastKnownFileType = wrapper.framework; name = Foundation.framework; path = System/Library/Frameworks/Foundation.framework; sourceTree = SDKROOT; };
		4B291F461719CEC500226D8C /* HAEntity-Prefix.pch */ = {isa = PBXFileReference; lastKnownFileType = sourcecode.c.h; path = "HAEntity-Prefix.pch"; sourceTree = "<group>"; };
		4B291F471719CEC500226D8C /* HAEntity.h */ = {isa = PBXFileReference; lastKnownFileType = sourcecode.c.h; path = HAEntity.h; sourceTree = "<group>"; };
		4B291F491719CEC500226D8C /* HAEntity.m */ = {isa = PBXFileReference; lastKnownFileType = sourcecode.c.objc; path = HAEntity.m; sourceTree = "<group>"; };
		4B291F501719CEC500226D8C /* HAEntityTests.octest */ = {isa = PBXFileReference; explicitFileType = wrapper.cfbundle; includeInIndex = 0; path = HAEntityTests.octest; sourceTree = BUILT_PRODUCTS_DIR; };
		4B291F511719CEC500226D8C /* SenTestingKit.framework */ = {isa = PBXFileReference; lastKnownFileType = wrapper.framework; name = SenTestingKit.framework; path = Library/Frameworks/SenTestingKit.framework; sourceTree = DEVELOPER_DIR; };
		4B291F531719CEC500226D8C /* UIKit.framework */ = {isa = PBXFileReference; lastKnownFileType = wrapper.framework; name = UIKit.framework; path = Library/Frameworks/UIKit.framework; sourceTree = DEVELOPER_DIR; };
		4B291F5B1719CEC500226D8C /* HAEntityTests-Info.plist */ = {isa = PBXFileReference; lastKnownFileType = text.plist.xml; path = "HAEntityTests-Info.plist"; sourceTree = "<group>"; };
		4B291F5D1719CEC500226D8C /* en */ = {isa = PBXFileReference; lastKnownFileType = text.plist.strings; name = en; path = en.lproj/InfoPlist.strings; sourceTree = "<group>"; };
		4B291F5F1719CEC500226D8C /* HAEntityTests.h */ = {isa = PBXFileReference; lastKnownFileType = sourcecode.c.h; path = HAEntityTests.h; sourceTree = "<group>"; };
		4B291F601719CEC500226D8C /* HAEntityTests.m */ = {isa = PBXFileReference; lastKnownFileType = sourcecode.c.objc; path = HAEntityTests.m; sourceTree = "<group>"; };
		4BB63D4F1719D24300CF0A0C /* HAEntityManager.h */ = {isa = PBXFileReference; fileEncoding = 4; lastKnownFileType = sourcecode.c.h; path = HAEntityManager.h; sourceTree = "<group>"; };
		4BB63D501719D24300CF0A0C /* HAEntityManager.m */ = {isa = PBXFileReference; fileEncoding = 4; lastKnownFileType = sourcecode.c.objc; path = HAEntityManager.m; sourceTree = "<group>"; };
		4BB63D521719D28600CF0A0C /* HAEntityManagerTest.h */ = {isa = PBXFileReference; fileEncoding = 4; lastKnownFileType = sourcecode.c.h; path = HAEntityManagerTest.h; sourceTree = "<group>"; };
		4BB63D531719D28600CF0A0C /* HAEntityManagerTest.m */ = {isa = PBXFileReference; fileEncoding = 4; lastKnownFileType = sourcecode.c.objc; path = HAEntityManagerTest.m; sourceTree = "<group>"; };
		4BBC68F71719D93A008D1775 /* libPods.a */ = {isa = PBXFileReference; lastKnownFileType = archive.ar; name = libPods.a; path = "../Pods/build/Release-iphoneos/libPods.a"; sourceTree = "<group>"; };
		4BBC68F91719D9C5008D1775 /* libsqlite3.dylib */ = {isa = PBXFileReference; lastKnownFileType = "compiled.mach-o.dylib"; name = libsqlite3.dylib; path = usr/lib/libsqlite3.dylib; sourceTree = SDKROOT; };
		4BBC68FC1719ECE7008D1775 /* HABaseEntity.h */ = {isa = PBXFileReference; fileEncoding = 4; lastKnownFileType = sourcecode.c.h; path = HABaseEntity.h; sourceTree = "<group>"; };
		4BBC68FD1719ECE7008D1775 /* HABaseEntity.m */ = {isa = PBXFileReference; fileEncoding = 4; lastKnownFileType = sourcecode.c.objc; path = HABaseEntity.m; sourceTree = "<group>"; };
		4BBC68FF1719FBBF008D1775 /* HABaseEntityTest.h */ = {isa = PBXFileReference; fileEncoding = 4; lastKnownFileType = sourcecode.c.h; path = HABaseEntityTest.h; sourceTree = "<group>"; };
		4BBC69001719FBBF008D1775 /* HABaseEntityTest.m */ = {isa = PBXFileReference; fileEncoding = 4; lastKnownFileType = sourcecode.c.objc; path = HABaseEntityTest.m; sourceTree = "<group>"; };
		4BBC69021719FDB1008D1775 /* HATableEntity.h */ = {isa = PBXFileReference; fileEncoding = 4; lastKnownFileType = sourcecode.c.h; path = HATableEntity.h; sourceTree = "<group>"; };
		4BBC69031719FDB1008D1775 /* HATableEntity.m */ = {isa = PBXFileReference; fileEncoding = 4; lastKnownFileType = sourcecode.c.objc; path = HATableEntity.m; sourceTree = "<group>"; };
		4BBC69051719FDC4008D1775 /* HAViewEntity.h */ = {isa = PBXFileReference; fileEncoding = 4; lastKnownFileType = sourcecode.c.h; path = HAViewEntity.h; sourceTree = "<group>"; };
		4BBC69061719FDC4008D1775 /* HAViewEntity.m */ = {isa = PBXFileReference; fileEncoding = 4; lastKnownFileType = sourcecode.c.objc; path = HAViewEntity.m; sourceTree = "<group>"; };
		4BBC6908171A1EFB008D1775 /* HAEntityMigrating.h */ = {isa = PBXFileReference; fileEncoding = 4; lastKnownFileType = sourcecode.c.h; path = HAEntityMigrating.h; sourceTree = "<group>"; };
		4BBC6909171A203D008D1775 /* HATableEntityMigration.h */ = {isa = PBXFileReference; fileEncoding = 4; lastKnownFileType = sourcecode.c.h; path = HATableEntityMigration.h; sourceTree = "<group>"; };
		4BBC690A171A203D008D1775 /* HATableEntityMigration.m */ = {isa = PBXFileReference; fileEncoding = 4; lastKnownFileType = sourcecode.c.objc; path = HATableEntityMigration.m; sourceTree = "<group>"; };
		4BBC690C171A425B008D1775 /* HATableEntityMigrationTest.h */ = {isa = PBXFileReference; fileEncoding = 4; lastKnownFileType = sourcecode.c.h; path = HATableEntityMigrationTest.h; sourceTree = "<group>"; };
		4BBC690D171A425B008D1775 /* HATableEntityMigrationTest.m */ = {isa = PBXFileReference; fileEncoding = 4; lastKnownFileType = sourcecode.c.objc; path = HATableEntityMigrationTest.m; sourceTree = "<group>"; };
		4BBC690F171D063A008D1775 /* HATableEntityTest.h */ = {isa = PBXFileReference; fileEncoding = 4; lastKnownFileType = sourcecode.c.h; path = HATableEntityTest.h; sourceTree = "<group>"; };
		4BBC6910171D063A008D1775 /* HATableEntityTest.m */ = {isa = PBXFileReference; fileEncoding = 4; lastKnownFileType = sourcecode.c.objc; path = HATableEntityTest.m; sourceTree = "<group>"; };
		B54938FEC7E9446ABA70AFA9 /* libPods.a */ = {isa = PBXFileReference; explicitFileType = archive.ar; includeInIndex = 0; path = libPods.a; sourceTree = BUILT_PRODUCTS_DIR; };
		FA457FEDC144499897ED1DD6 /* Pods.xcconfig */ = {isa = PBXFileReference; includeInIndex = 1; lastKnownFileType = text.xcconfig; name = Pods.xcconfig; path = Pods/Pods.xcconfig; sourceTree = SOURCE_ROOT; };
/* End PBXFileReference section */

/* Begin PBXFrameworksBuildPhase section */
		4B291F3C1719CEC500226D8C /* Frameworks */ = {
			isa = PBXFrameworksBuildPhase;
			buildActionMask = 2147483647;
			files = (
				4BBC68FA1719D9C5008D1775 /* libsqlite3.dylib in Frameworks */,
				4B291F431719CEC500226D8C /* Foundation.framework in Frameworks */,
				39235DC1883647BD857523D6 /* libPods.a in Frameworks */,
			);
			runOnlyForDeploymentPostprocessing = 0;
		};
		4B291F4C1719CEC500226D8C /* Frameworks */ = {
			isa = PBXFrameworksBuildPhase;
			buildActionMask = 2147483647;
			files = (
				4BBC68FB1719D9CE008D1775 /* libsqlite3.dylib in Frameworks */,
				4BBC68F81719D93A008D1775 /* libPods.a in Frameworks */,
				4B291F521719CEC500226D8C /* SenTestingKit.framework in Frameworks */,
				4B291F541719CEC500226D8C /* UIKit.framework in Frameworks */,
				4B291F551719CEC500226D8C /* Foundation.framework in Frameworks */,
				4B291F581719CEC500226D8C /* libHAEntity.a in Frameworks */,
			);
			runOnlyForDeploymentPostprocessing = 0;
		};
/* End PBXFrameworksBuildPhase section */

/* Begin PBXGroup section */
		4B291F361719CEC500226D8C = {
			isa = PBXGroup;
			children = (
				4BBC68F91719D9C5008D1775 /* libsqlite3.dylib */,
				4B291F441719CEC500226D8C /* HAEntity */,
				4B291F591719CEC500226D8C /* HAEntityTests */,
				4B291F411719CEC500226D8C /* Frameworks */,
				4B291F401719CEC500226D8C /* Products */,
				FA457FEDC144499897ED1DD6 /* Pods.xcconfig */,
			);
			sourceTree = "<group>";
		};
		4B291F401719CEC500226D8C /* Products */ = {
			isa = PBXGroup;
			children = (
				4B291F3F1719CEC500226D8C /* libHAEntity.a */,
				4B291F501719CEC500226D8C /* HAEntityTests.octest */,
			);
			name = Products;
			sourceTree = "<group>";
		};
		4B291F411719CEC500226D8C /* Frameworks */ = {
			isa = PBXGroup;
			children = (
				4B291F421719CEC500226D8C /* Foundation.framework */,
				4B291F511719CEC500226D8C /* SenTestingKit.framework */,
				4B291F531719CEC500226D8C /* UIKit.framework */,
				B54938FEC7E9446ABA70AFA9 /* libPods.a */,
			);
			name = Frameworks;
			sourceTree = "<group>";
		};
		4B291F441719CEC500226D8C /* HAEntity */ = {
			isa = PBXGroup;
			children = (
				4B291F471719CEC500226D8C /* HAEntity.h */,
				4B291F491719CEC500226D8C /* HAEntity.m */,
				4BB63D4F1719D24300CF0A0C /* HAEntityManager.h */,
				4BB63D501719D24300CF0A0C /* HAEntityManager.m */,
				4BBC68FC1719ECE7008D1775 /* HABaseEntity.h */,
				4BBC68FD1719ECE7008D1775 /* HABaseEntity.m */,
				4BBC69021719FDB1008D1775 /* HATableEntity.h */,
				4BBC69031719FDB1008D1775 /* HATableEntity.m */,
				4BBC69051719FDC4008D1775 /* HAViewEntity.h */,
				4BBC69061719FDC4008D1775 /* HAViewEntity.m */,
				4BBC6908171A1EFB008D1775 /* HAEntityMigrating.h */,
				4BBC6909171A203D008D1775 /* HATableEntityMigration.h */,
				4BBC690A171A203D008D1775 /* HATableEntityMigration.m */,
				4B291F451719CEC500226D8C /* Supporting Files */,
			);
			path = HAEntity;
			sourceTree = "<group>";
		};
		4B291F451719CEC500226D8C /* Supporting Files */ = {
			isa = PBXGroup;
			children = (
				4B291F461719CEC500226D8C /* HAEntity-Prefix.pch */,
			);
			name = "Supporting Files";
			sourceTree = "<group>";
		};
		4B291F591719CEC500226D8C /* HAEntityTests */ = {
			isa = PBXGroup;
			children = (
				4B291F5F1719CEC500226D8C /* HAEntityTests.h */,
				4B291F601719CEC500226D8C /* HAEntityTests.m */,
				4BB63D521719D28600CF0A0C /* HAEntityManagerTest.h */,
				4BB63D531719D28600CF0A0C /* HAEntityManagerTest.m */,
				4BBC68FF1719FBBF008D1775 /* HABaseEntityTest.h */,
				4BBC69001719FBBF008D1775 /* HABaseEntityTest.m */,
				4BBC690F171D063A008D1775 /* HATableEntityTest.h */,
				4BBC6910171D063A008D1775 /* HATableEntityTest.m */,
				4BBC690C171A425B008D1775 /* HATableEntityMigrationTest.h */,
				4BBC690D171A425B008D1775 /* HATableEntityMigrationTest.m */,
				4BBC68F71719D93A008D1775 /* libPods.a */,
				4B291F5A1719CEC500226D8C /* Supporting Files */,
			);
			path = HAEntityTests;
			sourceTree = "<group>";
		};
		4B291F5A1719CEC500226D8C /* Supporting Files */ = {
			isa = PBXGroup;
			children = (
				4B291F5B1719CEC500226D8C /* HAEntityTests-Info.plist */,
				4B291F5C1719CEC500226D8C /* InfoPlist.strings */,
			);
			name = "Supporting Files";
			sourceTree = "<group>";
		};
/* End PBXGroup section */

/* Begin PBXNativeTarget section */
		4B291F3E1719CEC500226D8C /* HAEntity */ = {
			isa = PBXNativeTarget;
			buildConfigurationList = 4B291F641719CEC500226D8C /* Build configuration list for PBXNativeTarget "HAEntity" */;
			buildPhases = (
				B6B7BD838C824A169883E557 /* Check Pods Manifest.lock */,
				4B291F3B1719CEC500226D8C /* Sources */,
				4B291F3C1719CEC500226D8C /* Frameworks */,
				4B291F3D1719CEC500226D8C /* CopyFiles */,
				5768A4396A1D4AC2B006B64F /* Copy Pods Resources */,
			);
			buildRules = (
			);
			dependencies = (
			);
			name = HAEntity;
			productName = HAEntity;
			productReference = 4B291F3F1719CEC500226D8C /* libHAEntity.a */;
			productType = "com.apple.product-type.library.static";
		};
		4B291F4F1719CEC500226D8C /* HAEntityTests */ = {
			isa = PBXNativeTarget;
			buildConfigurationList = 4B291F671719CEC500226D8C /* Build configuration list for PBXNativeTarget "HAEntityTests" */;
			buildPhases = (
				4B291F4B1719CEC500226D8C /* Sources */,
				4B291F4C1719CEC500226D8C /* Frameworks */,
				4B291F4D1719CEC500226D8C /* Resources */,
				4B291F4E1719CEC500226D8C /* ShellScript */,
			);
			buildRules = (
			);
			dependencies = (
				4B291F571719CEC500226D8C /* PBXTargetDependency */,
			);
			name = HAEntityTests;
			productName = HAEntityTests;
			productReference = 4B291F501719CEC500226D8C /* HAEntityTests.octest */;
			productType = "com.apple.product-type.bundle";
		};
/* End PBXNativeTarget section */

/* Begin PBXProject section */
		4B291F371719CEC500226D8C /* Project object */ = {
			isa = PBXProject;
			attributes = {
				LastUpgradeCheck = 0460;
				ORGANIZATIONNAME = "Hiroki Ata";
			};
			buildConfigurationList = 4B291F3A1719CEC500226D8C /* Build configuration list for PBXProject "HAEntity" */;
			compatibilityVersion = "Xcode 3.2";
			developmentRegion = English;
			hasScannedForEncodings = 0;
			knownRegions = (
				en,
			);
			mainGroup = 4B291F361719CEC500226D8C;
			productRefGroup = 4B291F401719CEC500226D8C /* Products */;
			projectDirPath = "";
			projectRoot = "";
			targets = (
				4B291F3E1719CEC500226D8C /* HAEntity */,
				4B291F4F1719CEC500226D8C /* HAEntityTests */,
			);
		};
/* End PBXProject section */

/* Begin PBXResourcesBuildPhase section */
		4B291F4D1719CEC500226D8C /* Resources */ = {
			isa = PBXResourcesBuildPhase;
			buildActionMask = 2147483647;
			files = (
				4B291F5E1719CEC500226D8C /* InfoPlist.strings in Resources */,
			);
			runOnlyForDeploymentPostprocessing = 0;
		};
/* End PBXResourcesBuildPhase section */

/* Begin PBXShellScriptBuildPhase section */
		4B291F4E1719CEC500226D8C /* ShellScript */ = {
			isa = PBXShellScriptBuildPhase;
			buildActionMask = 2147483647;
			files = (
			);
			inputPaths = (
			);
			outputPaths = (
			);
			runOnlyForDeploymentPostprocessing = 0;
			shellPath = /bin/sh;
			shellScript = "# Run the unit tests in this test bundle.\n\"${SYSTEM_DEVELOPER_DIR}/Tools/RunUnitTests\"\n";
		};
		5768A4396A1D4AC2B006B64F /* Copy Pods Resources */ = {
			isa = PBXShellScriptBuildPhase;
			buildActionMask = 2147483647;
			files = (
			);
			inputPaths = (
			);
			name = "Copy Pods Resources";
			outputPaths = (
			);
			runOnlyForDeploymentPostprocessing = 0;
			shellPath = /bin/sh;
			shellScript = "\"${SRCROOT}/Pods/Pods-resources.sh\"\n";
		};
		B6B7BD838C824A169883E557 /* Check Pods Manifest.lock */ = {
			isa = PBXShellScriptBuildPhase;
			buildActionMask = 2147483647;
			files = (
			);
			inputPaths = (
			);
			name = "Check Pods Manifest.lock";
			outputPaths = (
			);
			runOnlyForDeploymentPostprocessing = 0;
			shellPath = /bin/sh;
			shellScript = "diff \"${PODS_ROOT}/../Podfile.lock\" \"${PODS_ROOT}/Manifest.lock\" > /dev/null\nif [[ $? != 0 ]] ; then\n    cat << EOM\nerror: The sanbox is not in sync with the Podfile.lock. Run 'pod install'.\nEOM\n    exit 1\nfi\n";
		};
/* End PBXShellScriptBuildPhase section */

/* Begin PBXSourcesBuildPhase section */
		4B291F3B1719CEC500226D8C /* Sources */ = {
			isa = PBXSourcesBuildPhase;
			buildActionMask = 2147483647;
			files = (
				4B291F4A1719CEC500226D8C /* HAEntity.m in Sources */,
				4BB63D511719D24300CF0A0C /* HAEntityManager.m in Sources */,
				4BBC68FE1719ECE7008D1775 /* HABaseEntity.m in Sources */,
				4BBC69041719FDB1008D1775 /* HATableEntity.m in Sources */,
				4BBC69071719FDC4008D1775 /* HAViewEntity.m in Sources */,
				4BBC690B171A203D008D1775 /* HATableEntityMigration.m in Sources */,
			);
			runOnlyForDeploymentPostprocessing = 0;
		};
		4B291F4B1719CEC500226D8C /* Sources */ = {
			isa = PBXSourcesBuildPhase;
			buildActionMask = 2147483647;
			files = (
				4B291F611719CEC500226D8C /* HAEntityTests.m in Sources */,
				4BB63D541719D28600CF0A0C /* HAEntityManagerTest.m in Sources */,
				4BBC69011719FBBF008D1775 /* HABaseEntityTest.m in Sources */,
				4BBC690E171A425B008D1775 /* HATableEntityMigrationTest.m in Sources */,
				4BBC6911171D063A008D1775 /* HATableEntityTest.m in Sources */,
			);
			runOnlyForDeploymentPostprocessing = 0;
		};
/* End PBXSourcesBuildPhase section */

/* Begin PBXTargetDependency section */
		4B291F571719CEC500226D8C /* PBXTargetDependency */ = {
			isa = PBXTargetDependency;
			target = 4B291F3E1719CEC500226D8C /* HAEntity */;
			targetProxy = 4B291F561719CEC500226D8C /* PBXContainerItemProxy */;
		};
/* End PBXTargetDependency section */

/* Begin PBXVariantGroup section */
		4B291F5C1719CEC500226D8C /* InfoPlist.strings */ = {
			isa = PBXVariantGroup;
			children = (
				4B291F5D1719CEC500226D8C /* en */,
			);
			name = InfoPlist.strings;
			sourceTree = "<group>";
		};
/* End PBXVariantGroup section */

/* Begin XCBuildConfiguration section */
		4B291F621719CEC500226D8C /* Debug */ = {
			isa = XCBuildConfiguration;
			buildSettings = {
				ALWAYS_SEARCH_USER_PATHS = NO;
				CLANG_CXX_LANGUAGE_STANDARD = "gnu++0x";
				CLANG_CXX_LIBRARY = "libc++";
				CLANG_ENABLE_OBJC_ARC = YES;
				CLANG_WARN_CONSTANT_CONVERSION = YES;
				CLANG_WARN_EMPTY_BODY = YES;
				CLANG_WARN_ENUM_CONVERSION = YES;
				CLANG_WARN_INT_CONVERSION = YES;
				CLANG_WARN__DUPLICATE_METHOD_MATCH = YES;
				COPY_PHASE_STRIP = NO;
				GCC_C_LANGUAGE_STANDARD = gnu99;
				GCC_DYNAMIC_NO_PIC = NO;
				GCC_OPTIMIZATION_LEVEL = 0;
				GCC_PREPROCESSOR_DEFINITIONS = (
					"DEBUG=1",
					"$(inherited)",
				);
				GCC_SYMBOLS_PRIVATE_EXTERN = NO;
				GCC_WARN_ABOUT_RETURN_TYPE = YES;
				GCC_WARN_UNINITIALIZED_AUTOS = YES;
				GCC_WARN_UNUSED_VARIABLE = YES;
				IPHONEOS_DEPLOYMENT_TARGET = 6.1;
				ONLY_ACTIVE_ARCH = YES;
				SDKROOT = iphoneos;
			};
			name = Debug;
		};
		4B291F631719CEC500226D8C /* Release */ = {
			isa = XCBuildConfiguration;
			buildSettings = {
				ALWAYS_SEARCH_USER_PATHS = NO;
				CLANG_CXX_LANGUAGE_STANDARD = "gnu++0x";
				CLANG_CXX_LIBRARY = "libc++";
				CLANG_ENABLE_OBJC_ARC = YES;
				CLANG_WARN_CONSTANT_CONVERSION = YES;
				CLANG_WARN_EMPTY_BODY = YES;
				CLANG_WARN_ENUM_CONVERSION = YES;
				CLANG_WARN_INT_CONVERSION = YES;
				CLANG_WARN__DUPLICATE_METHOD_MATCH = YES;
				COPY_PHASE_STRIP = YES;
				GCC_C_LANGUAGE_STANDARD = gnu99;
				GCC_WARN_ABOUT_RETURN_TYPE = YES;
				GCC_WARN_UNINITIALIZED_AUTOS = YES;
				GCC_WARN_UNUSED_VARIABLE = YES;
				IPHONEOS_DEPLOYMENT_TARGET = 6.1;
				SDKROOT = iphoneos;
				VALIDATE_PRODUCT = YES;
			};
			name = Release;
		};
		4B291F651719CEC500226D8C /* Debug */ = {
			isa = XCBuildConfiguration;
			baseConfigurationReference = FA457FEDC144499897ED1DD6 /* Pods.xcconfig */;
			buildSettings = {
				DSTROOT = /tmp/HAEntity.dst;
				GCC_PRECOMPILE_PREFIX_HEADER = YES;
				GCC_PREFIX_HEADER = "HAEntity/HAEntity-Prefix.pch";
				OTHER_LDFLAGS = "-ObjC";
				PRODUCT_NAME = "$(TARGET_NAME)";
				SKIP_INSTALL = YES;
			};
			name = Debug;
		};
		4B291F661719CEC500226D8C /* Release */ = {
			isa = XCBuildConfiguration;
			baseConfigurationReference = FA457FEDC144499897ED1DD6 /* Pods.xcconfig */;
			buildSettings = {
				DSTROOT = /tmp/HAEntity.dst;
				GCC_PRECOMPILE_PREFIX_HEADER = YES;
				GCC_PREFIX_HEADER = "HAEntity/HAEntity-Prefix.pch";
				OTHER_LDFLAGS = "-ObjC";
				PRODUCT_NAME = "$(TARGET_NAME)";
				SKIP_INSTALL = YES;
			};
			name = Release;
		};
		4B291F681719CEC500226D8C /* Debug */ = {
			isa = XCBuildConfiguration;
			buildSettings = {
				ALWAYS_SEARCH_USER_PATHS = YES;
				FRAMEWORK_SEARCH_PATHS = (
					"\"$(SDKROOT)/Developer/Library/Frameworks\"",
					"\"$(DEVELOPER_LIBRARY_DIR)/Frameworks\"",
				);
				GCC_PRECOMPILE_PREFIX_HEADER = YES;
				GCC_PREFIX_HEADER = "HAEntity/HAEntity-Prefix.pch";
				HEADER_SEARCH_PATHS = "${PODS_HEADERS_SEARCH_PATHS}";
				INFOPLIST_FILE = "HAEntityTests/HAEntityTests-Info.plist";
				PODS_BUILD_HEADERS_SEARCH_PATHS = "\"${PODS_ROOT}/BuildHeaders\" \"${PODS_ROOT}/BuildHeaders/FMDB\"";
				PODS_HEADERS_SEARCH_PATHS = "${PODS_PUBLIC_HEADERS_SEARCH_PATHS}";
				PODS_PUBLIC_HEADERS_SEARCH_PATHS = "\"${PODS_ROOT}/Headers\" \"${PODS_ROOT}/Headers/FMDB\"";
				PODS_ROOT = "${SRCROOT}/Pods";
				PRODUCT_NAME = "$(TARGET_NAME)";
				WRAPPER_EXTENSION = octest;
			};
			name = Debug;
		};
		4B291F691719CEC500226D8C /* Release */ = {
			isa = XCBuildConfiguration;
			buildSettings = {
				ALWAYS_SEARCH_USER_PATHS = YES;
				FRAMEWORK_SEARCH_PATHS = (
					"\"$(SDKROOT)/Developer/Library/Frameworks\"",
					"\"$(DEVELOPER_LIBRARY_DIR)/Frameworks\"",
				);
				GCC_PRECOMPILE_PREFIX_HEADER = YES;
				GCC_PREFIX_HEADER = "HAEntity/HAEntity-Prefix.pch";
				HEADER_SEARCH_PATHS = "${PODS_HEADERS_SEARCH_PATHS}";
				INFOPLIST_FILE = "HAEntityTests/HAEntityTests-Info.plist";
				PODS_BUILD_HEADERS_SEARCH_PATHS = "\"${PODS_ROOT}/BuildHeaders\" \"${PODS_ROOT}/BuildHeaders/FMDB\"";
				PODS_HEADERS_SEARCH_PATHS = "${PODS_PUBLIC_HEADERS_SEARCH_PATHS}";
				PODS_PUBLIC_HEADERS_SEARCH_PATHS = "\"${PODS_ROOT}/Headers\" \"${PODS_ROOT}/Headers/FMDB\"";
				PODS_ROOT = "${SRCROOT}/Pods";
				PRODUCT_NAME = "$(TARGET_NAME)";
				WRAPPER_EXTENSION = octest;
			};
			name = Release;
		};
/* End XCBuildConfiguration section */

/* Begin XCConfigurationList section */
		4B291F3A1719CEC500226D8C /* Build configuration list for PBXProject "HAEntity" */ = {
			isa = XCConfigurationList;
			buildConfigurations = (
				4B291F621719CEC500226D8C /* Debug */,
				4B291F631719CEC500226D8C /* Release */,
			);
			defaultConfigurationIsVisible = 0;
			defaultConfigurationName = Release;
		};
		4B291F641719CEC500226D8C /* Build configuration list for PBXNativeTarget "HAEntity" */ = {
			isa = XCConfigurationList;
			buildConfigurations = (
				4B291F651719CEC500226D8C /* Debug */,
				4B291F661719CEC500226D8C /* Release */,
			);
			defaultConfigurationIsVisible = 0;
			defaultConfigurationName = Release;
		};
		4B291F671719CEC500226D8C /* Build configuration list for PBXNativeTarget "HAEntityTests" */ = {
			isa = XCConfigurationList;
			buildConfigurations = (
				4B291F681719CEC500226D8C /* Debug */,
				4B291F691719CEC500226D8C /* Release */,
			);
			defaultConfigurationIsVisible = 0;
			defaultConfigurationName = Release;
		};
/* End XCConfigurationList section */
	};
	rootObject = 4B291F371719CEC500226D8C /* Project object */;
}
